// !$*UTF8*$!
{
	archiveVersion = 1;
	classes = {
	};
	objectVersion = 50;
	objects = {

/* Begin PBXBuildFile section */
		02CE923523CF75CE003350F2 /* AppDelegate.swift in Sources */ = {isa = PBXBuildFile; fileRef = 02CE923423CF75CE003350F2 /* AppDelegate.swift */; };
		02CE923723CF75CE003350F2 /* SceneDelegate.swift in Sources */ = {isa = PBXBuildFile; fileRef = 02CE923623CF75CE003350F2 /* SceneDelegate.swift */; };
		02CE923923CF75CE003350F2 /* ViewController.swift in Sources */ = {isa = PBXBuildFile; fileRef = 02CE923823CF75CE003350F2 /* ViewController.swift */; };
		02CE923C23CF75CE003350F2 /* Main.storyboard in Resources */ = {isa = PBXBuildFile; fileRef = 02CE923A23CF75CE003350F2 /* Main.storyboard */; };
		02CE923E23CF75D0003350F2 /* Assets.xcassets in Resources */ = {isa = PBXBuildFile; fileRef = 02CE923D23CF75D0003350F2 /* Assets.xcassets */; };
		02CE924123CF75D0003350F2 /* LaunchScreen.storyboard in Resources */ = {isa = PBXBuildFile; fileRef = 02CE923F23CF75D0003350F2 /* LaunchScreen.storyboard */; };
		02CE924C23CF75D0003350F2 /* DonorTests.swift in Sources */ = {isa = PBXBuildFile; fileRef = 02CE924B23CF75D0003350F2 /* DonorTests.swift */; };
		02CE925723CF75D0003350F2 /* DonorUITests.swift in Sources */ = {isa = PBXBuildFile; fileRef = 02CE925623CF75D0003350F2 /* DonorUITests.swift */; };
/* End PBXBuildFile section */

/* Begin PBXContainerItemProxy section */
		02CE924823CF75D0003350F2 /* PBXContainerItemProxy */ = {
			isa = PBXContainerItemProxy;
			containerPortal = 02CE922923CF75CE003350F2 /* Project object */;
			proxyType = 1;
			remoteGlobalIDString = 02CE923023CF75CE003350F2;
			remoteInfo = Donor;
		};
		02CE925323CF75D0003350F2 /* PBXContainerItemProxy */ = {
			isa = PBXContainerItemProxy;
			containerPortal = 02CE922923CF75CE003350F2 /* Project object */;
			proxyType = 1;
			remoteGlobalIDString = 02CE923023CF75CE003350F2;
			remoteInfo = Donor;
		};
/* End PBXContainerItemProxy section */

/* Begin PBXFileReference section */
		02CE923123CF75CE003350F2 /* Donor.app */ = {isa = PBXFileReference; explicitFileType = wrapper.application; includeInIndex = 0; path = Donor.app; sourceTree = BUILT_PRODUCTS_DIR; };
		02CE923423CF75CE003350F2 /* AppDelegate.swift */ = {isa = PBXFileReference; lastKnownFileType = sourcecode.swift; path = AppDelegate.swift; sourceTree = "<group>"; };
		02CE923623CF75CE003350F2 /* SceneDelegate.swift */ = {isa = PBXFileReference; lastKnownFileType = sourcecode.swift; path = SceneDelegate.swift; sourceTree = "<group>"; };
		02CE923823CF75CE003350F2 /* ViewController.swift */ = {isa = PBXFileReference; lastKnownFileType = sourcecode.swift; path = ViewController.swift; sourceTree = "<group>"; };
		02CE923B23CF75CE003350F2 /* Base */ = {isa = PBXFileReference; lastKnownFileType = file.storyboard; name = Base; path = Base.lproj/Main.storyboard; sourceTree = "<group>"; };
		02CE923D23CF75D0003350F2 /* Assets.xcassets */ = {isa = PBXFileReference; lastKnownFileType = folder.assetcatalog; path = Assets.xcassets; sourceTree = "<group>"; };
		02CE924023CF75D0003350F2 /* Base */ = {isa = PBXFileReference; lastKnownFileType = file.storyboard; name = Base; path = Base.lproj/LaunchScreen.storyboard; sourceTree = "<group>"; };
		02CE924223CF75D0003350F2 /* Info.plist */ = {isa = PBXFileReference; lastKnownFileType = text.plist.xml; path = Info.plist; sourceTree = "<group>"; };
		02CE924723CF75D0003350F2 /* DonorTests.xctest */ = {isa = PBXFileReference; explicitFileType = wrapper.cfbundle; includeInIndex = 0; path = DonorTests.xctest; sourceTree = BUILT_PRODUCTS_DIR; };
		02CE924B23CF75D0003350F2 /* DonorTests.swift */ = {isa = PBXFileReference; lastKnownFileType = sourcecode.swift; path = DonorTests.swift; sourceTree = "<group>"; };
		02CE924D23CF75D0003350F2 /* Info.plist */ = {isa = PBXFileReference; lastKnownFileType = text.plist.xml; path = Info.plist; sourceTree = "<group>"; };
		02CE925223CF75D0003350F2 /* DonorUITests.xctest */ = {isa = PBXFileReference; explicitFileType = wrapper.cfbundle; includeInIndex = 0; path = DonorUITests.xctest; sourceTree = BUILT_PRODUCTS_DIR; };
		02CE925623CF75D0003350F2 /* DonorUITests.swift */ = {isa = PBXFileReference; lastKnownFileType = sourcecode.swift; path = DonorUITests.swift; sourceTree = "<group>"; };
		02CE925823CF75D0003350F2 /* Info.plist */ = {isa = PBXFileReference; lastKnownFileType = text.plist.xml; path = Info.plist; sourceTree = "<group>"; };
/* End PBXFileReference section */

/* Begin PBXFrameworksBuildPhase section */
		02CE922E23CF75CE003350F2 /* Frameworks */ = {
			isa = PBXFrameworksBuildPhase;
			buildActionMask = 2147483647;
			files = (
			);
			runOnlyForDeploymentPostprocessing = 0;
		};
		02CE924423CF75D0003350F2 /* Frameworks */ = {
			isa = PBXFrameworksBuildPhase;
			buildActionMask = 2147483647;
			files = (
			);
			runOnlyForDeploymentPostprocessing = 0;
		};
		02CE924F23CF75D0003350F2 /* Frameworks */ = {
			isa = PBXFrameworksBuildPhase;
			buildActionMask = 2147483647;
			files = (
			);
			runOnlyForDeploymentPostprocessing = 0;
		};
/* End PBXFrameworksBuildPhase section */

/* Begin PBXGroup section */
		02CE922823CF75CE003350F2 = {
			isa = PBXGroup;
			children = (
				02CE923323CF75CE003350F2 /* Donor */,
				02CE924A23CF75D0003350F2 /* DonorTests */,
				02CE925523CF75D0003350F2 /* DonorUITests */,
				02CE923223CF75CE003350F2 /* Products */,
			);
			sourceTree = "<group>";
		};
		02CE923223CF75CE003350F2 /* Products */ = {
			isa = PBXGroup;
			children = (
				02CE923123CF75CE003350F2 /* Donor.app */,
				02CE924723CF75D0003350F2 /* DonorTests.xctest */,
				02CE925223CF75D0003350F2 /* DonorUITests.xctest */,
			);
			name = Products;
			sourceTree = "<group>";
		};
		02CE923323CF75CE003350F2 /* Donor */ = {
			isa = PBXGroup;
			children = (
				02CE923423CF75CE003350F2 /* AppDelegate.swift */,
				02CE923623CF75CE003350F2 /* SceneDelegate.swift */,
				02CE923823CF75CE003350F2 /* ViewController.swift */,
				02CE923A23CF75CE003350F2 /* Main.storyboard */,
				02CE923D23CF75D0003350F2 /* Assets.xcassets */,
				02CE923F23CF75D0003350F2 /* LaunchScreen.storyboard */,
				02CE924223CF75D0003350F2 /* Info.plist */,
			);
			path = Donor;
			sourceTree = "<group>";
		};
		02CE924A23CF75D0003350F2 /* DonorTests */ = {
			isa = PBXGroup;
			children = (
				02CE924B23CF75D0003350F2 /* DonorTests.swift */,
				02CE924D23CF75D0003350F2 /* Info.plist */,
			);
			path = DonorTests;
			sourceTree = "<group>";
		};
		02CE925523CF75D0003350F2 /* DonorUITests */ = {
			isa = PBXGroup;
			children = (
				02CE925623CF75D0003350F2 /* DonorUITests.swift */,
				02CE925823CF75D0003350F2 /* Info.plist */,
			);
			path = DonorUITests;
			sourceTree = "<group>";
		};
/* End PBXGroup section */

/* Begin PBXNativeTarget section */
		02CE923023CF75CE003350F2 /* Donor */ = {
			isa = PBXNativeTarget;
			buildConfigurationList = 02CE925B23CF75D0003350F2 /* Build configuration list for PBXNativeTarget "Donor" */;
			buildPhases = (
				02CE922D23CF75CE003350F2 /* Sources */,
				02CE922E23CF75CE003350F2 /* Frameworks */,
				02CE922F23CF75CE003350F2 /* Resources */,
			);
			buildRules = (
			);
			dependencies = (
			);
			name = Donor;
			productName = Donor;
			productReference = 02CE923123CF75CE003350F2 /* Donor.app */;
			productType = "com.apple.product-type.application";
		};
		02CE924623CF75D0003350F2 /* DonorTests */ = {
			isa = PBXNativeTarget;
			buildConfigurationList = 02CE925E23CF75D0003350F2 /* Build configuration list for PBXNativeTarget "DonorTests" */;
			buildPhases = (
				02CE924323CF75D0003350F2 /* Sources */,
				02CE924423CF75D0003350F2 /* Frameworks */,
				02CE924523CF75D0003350F2 /* Resources */,
			);
			buildRules = (
			);
			dependencies = (
				02CE924923CF75D0003350F2 /* PBXTargetDependency */,
			);
			name = DonorTests;
			productName = DonorTests;
			productReference = 02CE924723CF75D0003350F2 /* DonorTests.xctest */;
			productType = "com.apple.product-type.bundle.unit-test";
		};
		02CE925123CF75D0003350F2 /* DonorUITests */ = {
			isa = PBXNativeTarget;
			buildConfigurationList = 02CE926123CF75D0003350F2 /* Build configuration list for PBXNativeTarget "DonorUITests" */;
			buildPhases = (
				02CE924E23CF75D0003350F2 /* Sources */,
				02CE924F23CF75D0003350F2 /* Frameworks */,
				02CE925023CF75D0003350F2 /* Resources */,
			);
			buildRules = (
			);
			dependencies = (
				02CE925423CF75D0003350F2 /* PBXTargetDependency */,
			);
			name = DonorUITests;
			productName = DonorUITests;
			productReference = 02CE925223CF75D0003350F2 /* DonorUITests.xctest */;
			productType = "com.apple.product-type.bundle.ui-testing";
		};
/* End PBXNativeTarget section */

/* Begin PBXProject section */
		02CE922923CF75CE003350F2 /* Project object */ = {
			isa = PBXProject;
			attributes = {
				LastSwiftUpdateCheck = 1130;
				LastUpgradeCheck = 1130;
				ORGANIZATIONNAME = "Michael Amiro";
				TargetAttributes = {
					02CE923023CF75CE003350F2 = {
						CreatedOnToolsVersion = 11.3;
					};
					02CE924623CF75D0003350F2 = {
						CreatedOnToolsVersion = 11.3;
						TestTargetID = 02CE923023CF75CE003350F2;
					};
					02CE925123CF75D0003350F2 = {
						CreatedOnToolsVersion = 11.3;
						TestTargetID = 02CE923023CF75CE003350F2;
					};
				};
			};
			buildConfigurationList = 02CE922C23CF75CE003350F2 /* Build configuration list for PBXProject "Donor" */;
			compatibilityVersion = "Xcode 9.3";
			developmentRegion = en;
			hasScannedForEncodings = 0;
			knownRegions = (
				en,
				Base,
			);
			mainGroup = 02CE922823CF75CE003350F2;
			productRefGroup = 02CE923223CF75CE003350F2 /* Products */;
			projectDirPath = "";
			projectRoot = "";
			targets = (
				02CE923023CF75CE003350F2 /* Donor */,
				02CE924623CF75D0003350F2 /* DonorTests */,
				02CE925123CF75D0003350F2 /* DonorUITests */,
			);
		};
/* End PBXProject section */

/* Begin PBXResourcesBuildPhase section */
		02CE922F23CF75CE003350F2 /* Resources */ = {
			isa = PBXResourcesBuildPhase;
			buildActionMask = 2147483647;
			files = (
				02CE924123CF75D0003350F2 /* LaunchScreen.storyboard in Resources */,
				02CE923E23CF75D0003350F2 /* Assets.xcassets in Resources */,
				02CE923C23CF75CE003350F2 /* Main.storyboard in Resources */,
			);
			runOnlyForDeploymentPostprocessing = 0;
		};
		02CE924523CF75D0003350F2 /* Resources */ = {
			isa = PBXResourcesBuildPhase;
			buildActionMask = 2147483647;
			files = (
			);
			runOnlyForDeploymentPostprocessing = 0;
		};
		02CE925023CF75D0003350F2 /* Resources */ = {
			isa = PBXResourcesBuildPhase;
			buildActionMask = 2147483647;
			files = (
			);
			runOnlyForDeploymentPostprocessing = 0;
		};
/* End PBXResourcesBuildPhase section */

/* Begin PBXSourcesBuildPhase section */
		02CE922D23CF75CE003350F2 /* Sources */ = {
			isa = PBXSourcesBuildPhase;
			buildActionMask = 2147483647;
			files = (
				02CE923923CF75CE003350F2 /* ViewController.swift in Sources */,
				02CE923523CF75CE003350F2 /* AppDelegate.swift in Sources */,
				02CE923723CF75CE003350F2 /* SceneDelegate.swift in Sources */,
			);
			runOnlyForDeploymentPostprocessing = 0;
		};
		02CE924323CF75D0003350F2 /* Sources */ = {
			isa = PBXSourcesBuildPhase;
			buildActionMask = 2147483647;
			files = (
				02CE924C23CF75D0003350F2 /* DonorTests.swift in Sources */,
			);
			runOnlyForDeploymentPostprocessing = 0;
		};
		02CE924E23CF75D0003350F2 /* Sources */ = {
			isa = PBXSourcesBuildPhase;
			buildActionMask = 2147483647;
			files = (
				02CE925723CF75D0003350F2 /* DonorUITests.swift in Sources */,
			);
			runOnlyForDeploymentPostprocessing = 0;
		};
/* End PBXSourcesBuildPhase section */

/* Begin PBXTargetDependency section */
		02CE924923CF75D0003350F2 /* PBXTargetDependency */ = {
			isa = PBXTargetDependency;
			target = 02CE923023CF75CE003350F2 /* Donor */;
			targetProxy = 02CE924823CF75D0003350F2 /* PBXContainerItemProxy */;
		};
		02CE925423CF75D0003350F2 /* PBXTargetDependency */ = {
			isa = PBXTargetDependency;
			target = 02CE923023CF75CE003350F2 /* Donor */;
			targetProxy = 02CE925323CF75D0003350F2 /* PBXContainerItemProxy */;
		};
/* End PBXTargetDependency section */

/* Begin PBXVariantGroup section */
		02CE923A23CF75CE003350F2 /* Main.storyboard */ = {
			isa = PBXVariantGroup;
			children = (
				02CE923B23CF75CE003350F2 /* Base */,
			);
			name = Main.storyboard;
			sourceTree = "<group>";
		};
		02CE923F23CF75D0003350F2 /* LaunchScreen.storyboard */ = {
			isa = PBXVariantGroup;
			children = (
				02CE924023CF75D0003350F2 /* Base */,
			);
			name = LaunchScreen.storyboard;
			sourceTree = "<group>";
		};
/* End PBXVariantGroup section */

/* Begin XCBuildConfiguration section */
		02CE925923CF75D0003350F2 /* Debug */ = {
			isa = XCBuildConfiguration;
			buildSettings = {
				ALWAYS_SEARCH_USER_PATHS = NO;
				CLANG_ANALYZER_NONNULL = YES;
				CLANG_ANALYZER_NUMBER_OBJECT_CONVERSION = YES_AGGRESSIVE;
				CLANG_CXX_LANGUAGE_STANDARD = "gnu++14";
				CLANG_CXX_LIBRARY = "libc++";
				CLANG_ENABLE_MODULES = YES;
				CLANG_ENABLE_OBJC_ARC = YES;
				CLANG_ENABLE_OBJC_WEAK = YES;
				CLANG_WARN_BLOCK_CAPTURE_AUTORELEASING = YES;
				CLANG_WARN_BOOL_CONVERSION = YES;
				CLANG_WARN_COMMA = YES;
				CLANG_WARN_CONSTANT_CONVERSION = YES;
				CLANG_WARN_DEPRECATED_OBJC_IMPLEMENTATIONS = YES;
				CLANG_WARN_DIRECT_OBJC_ISA_USAGE = YES_ERROR;
				CLANG_WARN_DOCUMENTATION_COMMENTS = YES;
				CLANG_WARN_EMPTY_BODY = YES;
				CLANG_WARN_ENUM_CONVERSION = YES;
				CLANG_WARN_INFINITE_RECURSION = YES;
				CLANG_WARN_INT_CONVERSION = YES;
				CLANG_WARN_NON_LITERAL_NULL_CONVERSION = YES;
				CLANG_WARN_OBJC_IMPLICIT_RETAIN_SELF = YES;
				CLANG_WARN_OBJC_LITERAL_CONVERSION = YES;
				CLANG_WARN_OBJC_ROOT_CLASS = YES_ERROR;
				CLANG_WARN_RANGE_LOOP_ANALYSIS = YES;
				CLANG_WARN_STRICT_PROTOTYPES = YES;
				CLANG_WARN_SUSPICIOUS_MOVE = YES;
				CLANG_WARN_UNGUARDED_AVAILABILITY = YES_AGGRESSIVE;
				CLANG_WARN_UNREACHABLE_CODE = YES;
				CLANG_WARN__DUPLICATE_METHOD_MATCH = YES;
				COPY_PHASE_STRIP = NO;
				DEBUG_INFORMATION_FORMAT = dwarf;
				ENABLE_STRICT_OBJC_MSGSEND = YES;
				ENABLE_TESTABILITY = YES;
				GCC_C_LANGUAGE_STANDARD = gnu11;
				GCC_DYNAMIC_NO_PIC = NO;
				GCC_NO_COMMON_BLOCKS = YES;
				GCC_OPTIMIZATION_LEVEL = 0;
				GCC_PREPROCESSOR_DEFINITIONS = (
					"DEBUG=1",
					"$(inherited)",
				);
				GCC_WARN_64_TO_32_BIT_CONVERSION = YES;
				GCC_WARN_ABOUT_RETURN_TYPE = YES_ERROR;
				GCC_WARN_UNDECLARED_SELECTOR = YES;
				GCC_WARN_UNINITIALIZED_AUTOS = YES_AGGRESSIVE;
				GCC_WARN_UNUSED_FUNCTION = YES;
				GCC_WARN_UNUSED_VARIABLE = YES;
				IPHONEOS_DEPLOYMENT_TARGET = 13.2;
				MTL_ENABLE_DEBUG_INFO = INCLUDE_SOURCE;
				MTL_FAST_MATH = YES;
				ONLY_ACTIVE_ARCH = YES;
				SDKROOT = iphoneos;
				SWIFT_ACTIVE_COMPILATION_CONDITIONS = DEBUG;
				SWIFT_OPTIMIZATION_LEVEL = "-Onone";
			};
			name = Debug;
		};
		02CE925A23CF75D0003350F2 /* Release */ = {
			isa = XCBuildConfiguration;
			buildSettings = {
				ALWAYS_SEARCH_USER_PATHS = NO;
				CLANG_ANALYZER_NONNULL = YES;
				CLANG_ANALYZER_NUMBER_OBJECT_CONVERSION = YES_AGGRESSIVE;
				CLANG_CXX_LANGUAGE_STANDARD = "gnu++14";
				CLANG_CXX_LIBRARY = "libc++";
				CLANG_ENABLE_MODULES = YES;
				CLANG_ENABLE_OBJC_ARC = YES;
				CLANG_ENABLE_OBJC_WEAK = YES;
				CLANG_WARN_BLOCK_CAPTURE_AUTORELEASING = YES;
				CLANG_WARN_BOOL_CONVERSION = YES;
				CLANG_WARN_COMMA = YES;
				CLANG_WARN_CONSTANT_CONVERSION = YES;
				CLANG_WARN_DEPRECATED_OBJC_IMPLEMENTATIONS = YES;
				CLANG_WARN_DIRECT_OBJC_ISA_USAGE = YES_ERROR;
				CLANG_WARN_DOCUMENTATION_COMMENTS = YES;
				CLANG_WARN_EMPTY_BODY = YES;
				CLANG_WARN_ENUM_CONVERSION = YES;
				CLANG_WARN_INFINITE_RECURSION = YES;
				CLANG_WARN_INT_CONVERSION = YES;
				CLANG_WARN_NON_LITERAL_NULL_CONVERSION = YES;
				CLANG_WARN_OBJC_IMPLICIT_RETAIN_SELF = YES;
				CLANG_WARN_OBJC_LITERAL_CONVERSION = YES;
				CLANG_WARN_OBJC_ROOT_CLASS = YES_ERROR;
				CLANG_WARN_RANGE_LOOP_ANALYSIS = YES;
				CLANG_WARN_STRICT_PROTOTYPES = YES;
				CLANG_WARN_SUSPICIOUS_MOVE = YES;
				CLANG_WARN_UNGUARDED_AVAILABILITY = YES_AGGRESSIVE;
				CLANG_WARN_UNREACHABLE_CODE = YES;
				CLANG_WARN__DUPLICATE_METHOD_MATCH = YES;
				COPY_PHASE_STRIP = NO;
				DEBUG_INFORMATION_FORMAT = "dwarf-with-dsym";
				ENABLE_NS_ASSERTIONS = NO;
				ENABLE_STRICT_OBJC_MSGSEND = YES;
				GCC_C_LANGUAGE_STANDARD = gnu11;
				GCC_NO_COMMON_BLOCKS = YES;
				GCC_WARN_64_TO_32_BIT_CONVERSION = YES;
				GCC_WARN_ABOUT_RETURN_TYPE = YES_ERROR;
				GCC_WARN_UNDECLARED_SELECTOR = YES;
				GCC_WARN_UNINITIALIZED_AUTOS = YES_AGGRESSIVE;
				GCC_WARN_UNUSED_FUNCTION = YES;
				GCC_WARN_UNUSED_VARIABLE = YES;
				IPHONEOS_DEPLOYMENT_TARGET = 13.2;
				MTL_ENABLE_DEBUG_INFO = NO;
				MTL_FAST_MATH = YES;
				SDKROOT = iphoneos;
				SWIFT_COMPILATION_MODE = wholemodule;
				SWIFT_OPTIMIZATION_LEVEL = "-O";
				VALIDATE_PRODUCT = YES;
			};
			name = Release;
		};
		02CE925C23CF75D0003350F2 /* Debug */ = {
			isa = XCBuildConfiguration;
			buildSettings = {
				ASSETCATALOG_COMPILER_APPICON_NAME = AppIcon;
				CODE_SIGN_STYLE = Automatic;
				DEVELOPMENT_TEAM = 596ZX8TN55;
				INFOPLIST_FILE = Donor/Info.plist;
				LD_RUNPATH_SEARCH_PATHS = (
					"$(inherited)",
					"@executable_path/Frameworks",
				);
				PRODUCT_BUNDLE_IDENTIFIER = "Mobile-Matrix.Donor";
				PRODUCT_NAME = "$(TARGET_NAME)";
				SWIFT_VERSION = 5.0;
				TARGETED_DEVICE_FAMILY = "1,2";
			};
			name = Debug;
		};
		02CE925D23CF75D0003350F2 /* Release */ = {
			isa = XCBuildConfiguration;
			buildSettings = {
				ASSETCATALOG_COMPILER_APPICON_NAME = AppIcon;
				CODE_SIGN_STYLE = Automatic;
				DEVELOPMENT_TEAM = 596ZX8TN55;
				INFOPLIST_FILE = Donor/Info.plist;
				LD_RUNPATH_SEARCH_PATHS = (
					"$(inherited)",
					"@executable_path/Frameworks",
				);
				PRODUCT_BUNDLE_IDENTIFIER = "Mobile-Matrix.Donor";
				PRODUCT_NAME = "$(TARGET_NAME)";
				SWIFT_VERSION = 5.0;
				TARGETED_DEVICE_FAMILY = "1,2";
			};
			name = Release;
		};
		02CE925F23CF75D0003350F2 /* Debug */ = {
			isa = XCBuildConfiguration;
			buildSettings = {
				ALWAYS_EMBED_SWIFT_STANDARD_LIBRARIES = YES;
				BUNDLE_LOADER = "$(TEST_HOST)";
				CODE_SIGN_STYLE = Automatic;
				DEVELOPMENT_TEAM = 596ZX8TN55;
				INFOPLIST_FILE = DonorTests/Info.plist;
				IPHONEOS_DEPLOYMENT_TARGET = 13.2;
				LD_RUNPATH_SEARCH_PATHS = (
					"$(inherited)",
					"@executable_path/Frameworks",
					"@loader_path/Frameworks",
				);
				PRODUCT_BUNDLE_IDENTIFIER = "Mobile-Matrix.DonorTests";
				PRODUCT_NAME = "$(TARGET_NAME)";
				SWIFT_VERSION = 5.0;
				TARGETED_DEVICE_FAMILY = "1,2";
				TEST_HOST = "$(BUILT_PRODUCTS_DIR)/Donor.app/Donor";
			};
			name = Debug;
		};
		02CE926023CF75D0003350F2 /* Release */ = {
			isa = XCBuildConfiguration;
			buildSettings = {
				ALWAYS_EMBED_SWIFT_STANDARD_LIBRARIES = YES;
				BUNDLE_LOADER = "$(TEST_HOST)";
				CODE_SIGN_STYLE = Automatic;
				DEVELOPMENT_TEAM = 596ZX8TN55;
				INFOPLIST_FILE = DonorTests/Info.plist;
				IPHONEOS_DEPLOYMENT_TARGET = 13.2;
				LD_RUNPATH_SEARCH_PATHS = (
					"$(inherited)",
					"@executable_path/Frameworks",
					"@loader_path/Frameworks",
				);
				PRODUCT_BUNDLE_IDENTIFIER = "Mobile-Matrix.DonorTests";
				PRODUCT_NAME = "$(TARGET_NAME)";
				SWIFT_VERSION = 5.0;
				TARGETED_DEVICE_FAMILY = "1,2";
				TEST_HOST = "$(BUILT_PRODUCTS_DIR)/Donor.app/Donor";
			};
			name = Release;
		};
		02CE926223CF75D0003350F2 /* Debug */ = {
			isa = XCBuildConfiguration;
			buildSettings = {
				ALWAYS_EMBED_SWIFT_STANDARD_LIBRARIES = YES;
				CODE_SIGN_STYLE = Automatic;
				DEVELOPMENT_TEAM = 596ZX8TN55;
				INFOPLIST_FILE = DonorUITests/Info.plist;
				LD_RUNPATH_SEARCH_PATHS = (
					"$(inherited)",
					"@executable_path/Frameworks",
					"@loader_path/Frameworks",
				);
				PRODUCT_BUNDLE_IDENTIFIER = "Mobile-Matrix.DonorUITests";
				PRODUCT_NAME = "$(TARGET_NAME)";
				SWIFT_VERSION = 5.0;
				TARGETED_DEVICE_FAMILY = "1,2";
				TEST_TARGET_NAME = Donor;
			};
			name = Debug;
		};
		02CE926323CF75D0003350F2 /* Release */ = {
			isa = XCBuildConfiguration;
			buildSettings = {
				ALWAYS_EMBED_SWIFT_STANDARD_LIBRARIES = YES;
				CODE_SIGN_STYLE = Automatic;
				DEVELOPMENT_TEAM = 596ZX8TN55;
				INFOPLIST_FILE = DonorUITests/Info.plist;
				LD_RUNPATH_SEARCH_PATHS = (
					"$(inherited)",
					"@executable_path/Frameworks",
					"@loader_path/Frameworks",
				);
				PRODUCT_BUNDLE_IDENTIFIER = "Mobile-Matrix.DonorUITests";
				PRODUCT_NAME = "$(TARGET_NAME)";
				SWIFT_VERSION = 5.0;
				TARGETED_DEVICE_FAMILY = "1,2";
				TEST_TARGET_NAME = Donor;
			};
			name = Release;
		};
/* End XCBuildConfiguration section */

/* Begin XCConfigurationList section */
		02CE922C23CF75CE003350F2 /* Build configuration list for PBXProject "Donor" */ = {
			isa = XCConfigurationList;
			buildConfigurations = (
				02CE925923CF75D0003350F2 /* Debug */,
				02CE925A23CF75D0003350F2 /* Release */,
			);
			defaultConfigurationIsVisible = 0;
			defaultConfigurationName = Release;
		};
		02CE925B23CF75D0003350F2 /* Build configuration list for PBXNativeTarget "Donor" */ = {
			isa = XCConfigurationList;
			buildConfigurations = (
				02CE925C23CF75D0003350F2 /* Debug */,
				02CE925D23CF75D0003350F2 /* Release */,
			);
			defaultConfigurationIsVisible = 0;
			defaultConfigurationName = Release;
		};
		02CE925E23CF75D0003350F2 /* Build configuration list for PBXNativeTarget "DonorTests" */ = {
			isa = XCConfigurationList;
			buildConfigurations = (
				02CE925F23CF75D0003350F2 /* Debug */,
				02CE926023CF75D0003350F2 /* Release */,
			);
			defaultConfigurationIsVisible = 0;
			defaultConfigurationName = Release;
		};
		02CE926123CF75D0003350F2 /* Build configuration list for PBXNativeTarget "DonorUITests" */ = {
			isa = XCConfigurationList;
			buildConfigurations = (
				02CE926223CF75D0003350F2 /* Debug */,
				02CE926323CF75D0003350F2 /* Release */,
			);
			defaultConfigurationIsVisible = 0;
			defaultConfigurationName = Release;
		};
/* End XCConfigurationList section */
	};
	rootObject = 02CE922923CF75CE003350F2 /* Project object */;
}
